
Microsoft Visual Studio Solution File, Format Version 12.00
# Visual Studio Version 16
VisualStudioVersion = 16.0.31624.102
MinimumVisualStudioVersion = 10.0.40219.1
Project("{9A19103F-16F7-4668-BE54-9A1E7A4F7556}") = "SQLFensterAnwendung", "SQLFensterAnwendung.csproj", "{A2566C26-E6F5-4063-8AB8-B79399809A28}"
EndProject
Global
	GlobalSection(SolutionConfigurationPlatforms) = preSolution
		Debug|Any CPU = Debug|Any CPU
		Release|Any CPU = Release|Any CPU
	EndGlobalSection
	GlobalSection(ProjectConfigurationPlatforms) = postSolution
		{A2566C26-E6F5-4063-8AB8-B79399809A28}.Debug|Any CPU.ActiveCfg = Debug|Any CPU
		{A2566C26-E6F5-4063-8AB8-B79399809A28}.Debug|Any CPU.Build.0 = Debug|Any CPU
		{A2566C26-E6F5-4063-8AB8-B79399809A28}.Release|Any CPU.ActiveCfg = Release|Any CPU
		{A2566C26-E6F5-4063-8AB8-B79399809A28}.Release|Any CPU.Build.0 = Release|Any CPU
	EndGlobalSection
	GlobalSection(SolutionProperties) = preSolution
		HideSolutionNode = FALSE
	EndGlobalSection
	GlobalSection(ExtensibilityGlobals) = postSolution
		SolutionGuid = {496BEF58-07D1-4C37-A158-00C069677601}
	EndGlobalSection
EndGlobal
